
Microsoft Visual Studio Solution File, Format Version 12.00
# Visual Studio Version 16
VisualStudioVersion = 16.0.29609.76
MinimumVisualStudioVersion = 10.0.40219.1
Project("{FAE04EC0-301F-11D3-BF4B-00C04F79EFBC}") = "TechnomarketWebSite_Automation", "TechnomarketWebSite_Automation\TechnomarketWebSite_Automation.csproj", "{056B65B2-2D76-4404-AE71-5E5985620719}"
EndProject
Global
	GlobalSection(SolutionConfigurationPlatforms) = preSolution
		Debug|Any CPU = Debug|Any CPU
		Release|Any CPU = Release|Any CPU
	EndGlobalSection
	GlobalSection(ProjectConfigurationPlatforms) = postSolution
		{056B65B2-2D76-4404-AE71-5E5985620719}.Debug|Any CPU.ActiveCfg = Debug|Any CPU
		{056B65B2-2D76-4404-AE71-5E5985620719}.Debug|Any CPU.Build.0 = Debug|Any CPU
		{056B65B2-2D76-4404-AE71-5E5985620719}.Release|Any CPU.ActiveCfg = Release|Any CPU
		{056B65B2-2D76-4404-AE71-5E5985620719}.Release|Any CPU.Build.0 = Release|Any CPU
	EndGlobalSection
	GlobalSection(SolutionProperties) = preSolution
		HideSolutionNode = FALSE
	EndGlobalSection
	GlobalSection(ExtensibilityGlobals) = postSolution
		SolutionGuid = {A2014D29-1C26-49F5-AC04-575A5E74F479}
	EndGlobalSection
EndGlobal
